
Microsoft Visual Studio Solution File, Format Version 12.00
# Visual Studio 15
VisualStudioVersion = 15.0.26730.15
MinimumVisualStudioVersion = 10.0.40219.1
Project("{8BC9CEB8-8B4A-11D0-8D11-00A0C91BC942}") = "Project8", "Project8\Project8.vcxproj", "{103F0F2B-9DFD-4E28-9693-BAC1B6A83306}"
EndProject
Global
	GlobalSection(SolutionConfigurationPlatforms) = preSolution
		Debug|x64 = Debug|x64
		Debug|x86 = Debug|x86
		Release|x64 = Release|x64
		Release|x86 = Release|x86
	EndGlobalSection
	GlobalSection(ProjectConfigurationPlatforms) = postSolution
		{103F0F2B-9DFD-4E28-9693-BAC1B6A83306}.Debug|x64.ActiveCfg = Debug|x64
		{103F0F2B-9DFD-4E28-9693-BAC1B6A83306}.Debug|x64.Build.0 = Debug|x64
		{103F0F2B-9DFD-4E28-9693-BAC1B6A83306}.Debug|x86.ActiveCfg = Debug|Win32
		{103F0F2B-9DFD-4E28-9693-BAC1B6A83306}.Debug|x86.Build.0 = Debug|Win32
		{103F0F2B-9DFD-4E28-9693-BAC1B6A83306}.Release|x64.ActiveCfg = Release|x64
		{103F0F2B-9DFD-4E28-9693-BAC1B6A83306}.Release|x64.Build.0 = Release|x64
		{103F0F2B-9DFD-4E28-9693-BAC1B6A83306}.Release|x86.ActiveCfg = Release|Win32
		{103F0F2B-9DFD-4E28-9693-BAC1B6A83306}.Release|x86.Build.0 = Release|Win32
	EndGlobalSection
	GlobalSection(SolutionProperties) = preSolution
		HideSolutionNode = FALSE
	EndGlobalSection
	GlobalSection(ExtensibilityGlobals) = postSolution
		SolutionGuid = {A47D7E12-B892-4555-8D21-BEC3CB980B61}
	EndGlobalSection
EndGlobal
